
Microsoft Visual Studio Solution File, Format Version 12.00
# Visual Studio Version 16
VisualStudioVersion = 16.0.30503.244
MinimumVisualStudioVersion = 10.0.40219.1
Project("{FAE04EC0-301F-11D3-BF4B-00C04F79EFBC}") = "Usuario_Practica", "Usuario_Practica\Usuario_Practica.csproj", "{3A26C2DD-A944-4DEA-BD4F-A4492DCCA4B2}"
EndProject
Project("{FAE04EC0-301F-11D3-BF4B-00C04F79EFBC}") = "Usuarios.Data", "Usuarios.Data\Usuarios.Data.csproj", "{F81D7843-EB49-48D5-80EE-DE3F2B0B7056}"
EndProject
Global
	GlobalSection(SolutionConfigurationPlatforms) = preSolution
		Debug|Any CPU = Debug|Any CPU
		Release|Any CPU = Release|Any CPU
	EndGlobalSection
	GlobalSection(ProjectConfigurationPlatforms) = postSolution
		{3A26C2DD-A944-4DEA-BD4F-A4492DCCA4B2}.Debug|Any CPU.ActiveCfg = Debug|Any CPU
		{3A26C2DD-A944-4DEA-BD4F-A4492DCCA4B2}.Debug|Any CPU.Build.0 = Debug|Any CPU
		{3A26C2DD-A944-4DEA-BD4F-A4492DCCA4B2}.Release|Any CPU.ActiveCfg = Release|Any CPU
		{3A26C2DD-A944-4DEA-BD4F-A4492DCCA4B2}.Release|Any CPU.Build.0 = Release|Any CPU
		{F81D7843-EB49-48D5-80EE-DE3F2B0B7056}.Debug|Any CPU.ActiveCfg = Debug|Any CPU
		{F81D7843-EB49-48D5-80EE-DE3F2B0B7056}.Debug|Any CPU.Build.0 = Debug|Any CPU
		{F81D7843-EB49-48D5-80EE-DE3F2B0B7056}.Release|Any CPU.ActiveCfg = Release|Any CPU
		{F81D7843-EB49-48D5-80EE-DE3F2B0B7056}.Release|Any CPU.Build.0 = Release|Any CPU
	EndGlobalSection
	GlobalSection(SolutionProperties) = preSolution
		HideSolutionNode = FALSE
	EndGlobalSection
	GlobalSection(ExtensibilityGlobals) = postSolution
		SolutionGuid = {7A175B6B-FB9F-42A2-8861-D588ACE2CB5B}
	EndGlobalSection
EndGlobal
